// !$*UTF8*$!
{
	archiveVersion = 1;
	classes = {
	};
	objectVersion = 50;
	objects = {

/* Begin PBXBuildFile section */
		805125512334B68200ED583B /* ContiguessVSArrayResult.swift in Sources */ = {isa = PBXBuildFile; fileRef = 805125502334B68200ED583B /* ContiguessVSArrayResult.swift */; };
		8055CC0D2330B72200C63D1F /* Generic.swift in Sources */ = {isa = PBXBuildFile; fileRef = 8055CC0C2330B72200C63D1F /* Generic.swift */; };
		8055CC0F2330BD9800C63D1F /* DispatchTable.swift in Sources */ = {isa = PBXBuildFile; fileRef = 8055CC0E2330BD9800C63D1F /* DispatchTable.swift */; };
		8055CC112330CD8A00C63D1F /* FinalVariable.swift in Sources */ = {isa = PBXBuildFile; fileRef = 8055CC102330CD8A00C63D1F /* FinalVariable.swift */; };
		8055CC132330D30100C63D1F /* WitnessTable.swift in Sources */ = {isa = PBXBuildFile; fileRef = 8055CC122330D30100C63D1F /* WitnessTable.swift */; };
		806257182334BD77008ED41E /* XCTest.framework in Frameworks */ = {isa = PBXBuildFile; fileRef = 806257172334BD77008ED41E /* XCTest.framework */; };
		808ADF882334B8EC001AF97A /* PerfomanceTests.swift in Sources */ = {isa = PBXBuildFile; fileRef = 808ADF872334B8EC001AF97A /* PerfomanceTests.swift */; };
		80D1744123312BD300DC5D6C /* TimeSpender.swift in Sources */ = {isa = PBXBuildFile; fileRef = 80D1744023312BD300DC5D6C /* TimeSpender.swift */; };
		80FF7698232FB5F7006FF2AE /* AppDelegate.swift in Sources */ = {isa = PBXBuildFile; fileRef = 80FF7697232FB5F7006FF2AE /* AppDelegate.swift */; };
		80FF769A232FB5F7006FF2AE /* ViewController.swift in Sources */ = {isa = PBXBuildFile; fileRef = 80FF7699232FB5F7006FF2AE /* ViewController.swift */; };
		80FF769D232FB5F7006FF2AE /* Main.storyboard in Resources */ = {isa = PBXBuildFile; fileRef = 80FF769B232FB5F7006FF2AE /* Main.storyboard */; };
		80FF769F232FB5F8006FF2AE /* Assets.xcassets in Resources */ = {isa = PBXBuildFile; fileRef = 80FF769E232FB5F8006FF2AE /* Assets.xcassets */; };
		80FF76A2232FB5F8006FF2AE /* LaunchScreen.storyboard in Resources */ = {isa = PBXBuildFile; fileRef = 80FF76A0232FB5F8006FF2AE /* LaunchScreen.storyboard */; };
		80FF76AA232FB609006FF2AE /* ContiguousArray+Array.swift in Sources */ = {isa = PBXBuildFile; fileRef = 80FF76A9232FB609006FF2AE /* ContiguousArray+Array.swift */; };
		80FF76AC232FC46F006FF2AE /* ClassArrayVSStructArray.swift in Sources */ = {isa = PBXBuildFile; fileRef = 80FF76AB232FC46F006FF2AE /* ClassArrayVSStructArray.swift */; };
		80FF76AE232FCB7D006FF2AE /* Shell.swift in Sources */ = {isa = PBXBuildFile; fileRef = 80FF76AD232FCB7D006FF2AE /* Shell.swift */; };
/* End PBXBuildFile section */

/* Begin PBXContainerItemProxy section */
		808ADF8A2334B8EC001AF97A /* PBXContainerItemProxy */ = {
			isa = PBXContainerItemProxy;
			containerPortal = 80FF768C232FB5F7006FF2AE /* Project object */;
			proxyType = 1;
			remoteGlobalIDString = 80FF7693232FB5F7006FF2AE;
			remoteInfo = HeapStackPerfomance;
		};
/* End PBXContainerItemProxy section */

/* Begin PBXFileReference section */
		805125502334B68200ED583B /* ContiguessVSArrayResult.swift */ = {isa = PBXFileReference; fileEncoding = 4; lastKnownFileType = sourcecode.swift; path = ContiguessVSArrayResult.swift; sourceTree = "<group>"; };
		8055CC0C2330B72200C63D1F /* Generic.swift */ = {isa = PBXFileReference; lastKnownFileType = sourcecode.swift; path = Generic.swift; sourceTree = "<group>"; };
		8055CC0E2330BD9800C63D1F /* DispatchTable.swift */ = {isa = PBXFileReference; lastKnownFileType = sourcecode.swift; path = DispatchTable.swift; sourceTree = "<group>"; };
		8055CC102330CD8A00C63D1F /* FinalVariable.swift */ = {isa = PBXFileReference; lastKnownFileType = sourcecode.swift; path = FinalVariable.swift; sourceTree = "<group>"; };
		8055CC122330D30100C63D1F /* WitnessTable.swift */ = {isa = PBXFileReference; lastKnownFileType = sourcecode.swift; path = WitnessTable.swift; sourceTree = "<group>"; };
		806257172334BD77008ED41E /* XCTest.framework */ = {isa = PBXFileReference; lastKnownFileType = wrapper.framework; name = XCTest.framework; path = Platforms/iPhoneOS.platform/Developer/Library/Frameworks/XCTest.framework; sourceTree = DEVELOPER_DIR; };
		808ADF852334B8EC001AF97A /* PerfomanceTests.xctest */ = {isa = PBXFileReference; explicitFileType = wrapper.cfbundle; includeInIndex = 0; path = PerfomanceTests.xctest; sourceTree = BUILT_PRODUCTS_DIR; };
		808ADF872334B8EC001AF97A /* PerfomanceTests.swift */ = {isa = PBXFileReference; lastKnownFileType = sourcecode.swift; path = PerfomanceTests.swift; sourceTree = "<group>"; };
		808ADF892334B8EC001AF97A /* Info.plist */ = {isa = PBXFileReference; lastKnownFileType = text.plist.xml; path = Info.plist; sourceTree = "<group>"; };
		80D1744023312BD300DC5D6C /* TimeSpender.swift */ = {isa = PBXFileReference; lastKnownFileType = sourcecode.swift; path = TimeSpender.swift; sourceTree = "<group>"; };
		80FF7694232FB5F7006FF2AE /* HeapStackPerfomance.app */ = {isa = PBXFileReference; explicitFileType = wrapper.application; includeInIndex = 0; path = HeapStackPerfomance.app; sourceTree = BUILT_PRODUCTS_DIR; };
		80FF7697232FB5F7006FF2AE /* AppDelegate.swift */ = {isa = PBXFileReference; lastKnownFileType = sourcecode.swift; path = AppDelegate.swift; sourceTree = "<group>"; };
		80FF7699232FB5F7006FF2AE /* ViewController.swift */ = {isa = PBXFileReference; lastKnownFileType = sourcecode.swift; path = ViewController.swift; sourceTree = "<group>"; };
		80FF769C232FB5F7006FF2AE /* Base */ = {isa = PBXFileReference; lastKnownFileType = file.storyboard; name = Base; path = Base.lproj/Main.storyboard; sourceTree = "<group>"; };
		80FF769E232FB5F8006FF2AE /* Assets.xcassets */ = {isa = PBXFileReference; lastKnownFileType = folder.assetcatalog; path = Assets.xcassets; sourceTree = "<group>"; };
		80FF76A1232FB5F8006FF2AE /* Base */ = {isa = PBXFileReference; lastKnownFileType = file.storyboard; name = Base; path = Base.lproj/LaunchScreen.storyboard; sourceTree = "<group>"; };
		80FF76A3232FB5F8006FF2AE /* Info.plist */ = {isa = PBXFileReference; lastKnownFileType = text.plist.xml; path = Info.plist; sourceTree = "<group>"; };
		80FF76A9232FB609006FF2AE /* ContiguousArray+Array.swift */ = {isa = PBXFileReference; fileEncoding = 4; lastKnownFileType = sourcecode.swift; path = "ContiguousArray+Array.swift"; sourceTree = "<group>"; };
		80FF76AB232FC46F006FF2AE /* ClassArrayVSStructArray.swift */ = {isa = PBXFileReference; lastKnownFileType = sourcecode.swift; path = ClassArrayVSStructArray.swift; sourceTree = "<group>"; };
		80FF76AD232FCB7D006FF2AE /* Shell.swift */ = {isa = PBXFileReference; lastKnownFileType = sourcecode.swift; path = Shell.swift; sourceTree = "<group>"; };
/* End PBXFileReference section */

/* Begin PBXFrameworksBuildPhase section */
		808ADF822334B8EC001AF97A /* Frameworks */ = {
			isa = PBXFrameworksBuildPhase;
			buildActionMask = 2147483647;
			files = (
				806257182334BD77008ED41E /* XCTest.framework in Frameworks */,
			);
			runOnlyForDeploymentPostprocessing = 0;
		};
		80FF7691232FB5F7006FF2AE /* Frameworks */ = {
			isa = PBXFrameworksBuildPhase;
			buildActionMask = 2147483647;
			files = (
			);
			runOnlyForDeploymentPostprocessing = 0;
		};
/* End PBXFrameworksBuildPhase section */

/* Begin PBXGroup section */
		806257162334BD76008ED41E /* Frameworks */ = {
			isa = PBXGroup;
			children = (
				806257172334BD77008ED41E /* XCTest.framework */,
			);
			name = Frameworks;
			sourceTree = "<group>";
		};
		808ADF862334B8EC001AF97A /* PerfomanceTests */ = {
			isa = PBXGroup;
			children = (
				808ADF872334B8EC001AF97A /* PerfomanceTests.swift */,
				808ADF892334B8EC001AF97A /* Info.plist */,
			);
			path = PerfomanceTests;
			sourceTree = "<group>";
		};
		80FF768B232FB5F7006FF2AE = {
			isa = PBXGroup;
			children = (
				80FF7696232FB5F7006FF2AE /* HeapStackPerfomance */,
				808ADF862334B8EC001AF97A /* PerfomanceTests */,
				80FF7695232FB5F7006FF2AE /* Products */,
				806257162334BD76008ED41E /* Frameworks */,
			);
			sourceTree = "<group>";
		};
		80FF7695232FB5F7006FF2AE /* Products */ = {
			isa = PBXGroup;
			children = (
				80FF7694232FB5F7006FF2AE /* HeapStackPerfomance.app */,
				808ADF852334B8EC001AF97A /* PerfomanceTests.xctest */,
			);
			name = Products;
			sourceTree = "<group>";
		};
		80FF7696232FB5F7006FF2AE /* HeapStackPerfomance */ = {
			isa = PBXGroup;
			children = (
				80FF7697232FB5F7006FF2AE /* AppDelegate.swift */,
				80FF76A9232FB609006FF2AE /* ContiguousArray+Array.swift */,
				80FF76AB232FC46F006FF2AE /* ClassArrayVSStructArray.swift */,
				8055CC0C2330B72200C63D1F /* Generic.swift */,
				805125502334B68200ED583B /* ContiguessVSArrayResult.swift */,
				8055CC0E2330BD9800C63D1F /* DispatchTable.swift */,
				8055CC122330D30100C63D1F /* WitnessTable.swift */,
				8055CC102330CD8A00C63D1F /* FinalVariable.swift */,
				80FF76AD232FCB7D006FF2AE /* Shell.swift */,
				80FF7699232FB5F7006FF2AE /* ViewController.swift */,
				80FF769B232FB5F7006FF2AE /* Main.storyboard */,
				80FF769E232FB5F8006FF2AE /* Assets.xcassets */,
				80FF76A0232FB5F8006FF2AE /* LaunchScreen.storyboard */,
				80FF76A3232FB5F8006FF2AE /* Info.plist */,
				80D1744023312BD300DC5D6C /* TimeSpender.swift */,
			);
			path = HeapStackPerfomance;
			sourceTree = "<group>";
		};
/* End PBXGroup section */

/* Begin PBXNativeTarget section */
		808ADF842334B8EC001AF97A /* PerfomanceTests */ = {
			isa = PBXNativeTarget;
			buildConfigurationList = 808ADF8E2334B8EC001AF97A /* Build configuration list for PBXNativeTarget "PerfomanceTests" */;
			buildPhases = (
				808ADF812334B8EC001AF97A /* Sources */,
				808ADF822334B8EC001AF97A /* Frameworks */,
				808ADF832334B8EC001AF97A /* Resources */,
			);
			buildRules = (
			);
			dependencies = (
				808ADF8B2334B8EC001AF97A /* PBXTargetDependency */,
			);
			name = PerfomanceTests;
			productName = PerfomanceTests;
			productReference = 808ADF852334B8EC001AF97A /* PerfomanceTests.xctest */;
			productType = "com.apple.product-type.bundle.unit-test";
		};
		80FF7693232FB5F7006FF2AE /* HeapStackPerfomance */ = {
			isa = PBXNativeTarget;
			buildConfigurationList = 80FF76A6232FB5F8006FF2AE /* Build configuration list for PBXNativeTarget "HeapStackPerfomance" */;
			buildPhases = (
				80FF7690232FB5F7006FF2AE /* Sources */,
				80FF7691232FB5F7006FF2AE /* Frameworks */,
				80FF7692232FB5F7006FF2AE /* Resources */,
			);
			buildRules = (
			);
			dependencies = (
			);
			name = HeapStackPerfomance;
			productName = HeapStackPerfomance;
			productReference = 80FF7694232FB5F7006FF2AE /* HeapStackPerfomance.app */;
			productType = "com.apple.product-type.application";
		};
/* End PBXNativeTarget section */

/* Begin PBXProject section */
		80FF768C232FB5F7006FF2AE /* Project object */ = {
			isa = PBXProject;
			attributes = {
				LastSwiftUpdateCheck = 1100;
				LastUpgradeCheck = 1030;
				ORGANIZATIONNAME = Anatoliy;
				TargetAttributes = {
					808ADF842334B8EC001AF97A = {
						CreatedOnToolsVersion = 11.0;
						TestTargetID = 80FF7693232FB5F7006FF2AE;
					};
					80FF7693232FB5F7006FF2AE = {
						CreatedOnToolsVersion = 10.3;
					};
				};
			};
			buildConfigurationList = 80FF768F232FB5F7006FF2AE /* Build configuration list for PBXProject "HeapStackPerfomance" */;
			compatibilityVersion = "Xcode 9.3";
			developmentRegion = en;
			hasScannedForEncodings = 0;
			knownRegions = (
				en,
				Base,
			);
			mainGroup = 80FF768B232FB5F7006FF2AE;
			productRefGroup = 80FF7695232FB5F7006FF2AE /* Products */;
			projectDirPath = "";
			projectRoot = "";
			targets = (
				80FF7693232FB5F7006FF2AE /* HeapStackPerfomance */,
				808ADF842334B8EC001AF97A /* PerfomanceTests */,
			);
		};
/* End PBXProject section */

/* Begin PBXResourcesBuildPhase section */
		808ADF832334B8EC001AF97A /* Resources */ = {
			isa = PBXResourcesBuildPhase;
			buildActionMask = 2147483647;
			files = (
			);
			runOnlyForDeploymentPostprocessing = 0;
		};
		80FF7692232FB5F7006FF2AE /* Resources */ = {
			isa = PBXResourcesBuildPhase;
			buildActionMask = 2147483647;
			files = (
				80FF76A2232FB5F8006FF2AE /* LaunchScreen.storyboard in Resources */,
				80FF769F232FB5F8006FF2AE /* Assets.xcassets in Resources */,
				80FF769D232FB5F7006FF2AE /* Main.storyboard in Resources */,
			);
			runOnlyForDeploymentPostprocessing = 0;
		};
/* End PBXResourcesBuildPhase section */

/* Begin PBXSourcesBuildPhase section */
		808ADF812334B8EC001AF97A /* Sources */ = {
			isa = PBXSourcesBuildPhase;
			buildActionMask = 2147483647;
			files = (
				808ADF882334B8EC001AF97A /* PerfomanceTests.swift in Sources */,
			);
			runOnlyForDeploymentPostprocessing = 0;
		};
		80FF7690232FB5F7006FF2AE /* Sources */ = {
			isa = PBXSourcesBuildPhase;
			buildActionMask = 2147483647;
			files = (
				80FF76AA232FB609006FF2AE /* ContiguousArray+Array.swift in Sources */,
				80FF769A232FB5F7006FF2AE /* ViewController.swift in Sources */,
				80FF76AE232FCB7D006FF2AE /* Shell.swift in Sources */,
				8055CC0D2330B72200C63D1F /* Generic.swift in Sources */,
				805125512334B68200ED583B /* ContiguessVSArrayResult.swift in Sources */,
				8055CC0F2330BD9800C63D1F /* DispatchTable.swift in Sources */,
				80FF76AC232FC46F006FF2AE /* ClassArrayVSStructArray.swift in Sources */,
				80D1744123312BD300DC5D6C /* TimeSpender.swift in Sources */,
				8055CC112330CD8A00C63D1F /* FinalVariable.swift in Sources */,
				80FF7698232FB5F7006FF2AE /* AppDelegate.swift in Sources */,
				8055CC132330D30100C63D1F /* WitnessTable.swift in Sources */,
			);
			runOnlyForDeploymentPostprocessing = 0;
		};
/* End PBXSourcesBuildPhase section */

/* Begin PBXTargetDependency section */
		808ADF8B2334B8EC001AF97A /* PBXTargetDependency */ = {
			isa = PBXTargetDependency;
			target = 80FF7693232FB5F7006FF2AE /* HeapStackPerfomance */;
			targetProxy = 808ADF8A2334B8EC001AF97A /* PBXContainerItemProxy */;
		};
/* End PBXTargetDependency section */

/* Begin PBXVariantGroup section */
		80FF769B232FB5F7006FF2AE /* Main.storyboard */ = {
			isa = PBXVariantGroup;
			children = (
				80FF769C232FB5F7006FF2AE /* Base */,
			);
			name = Main.storyboard;
			sourceTree = "<group>";
		};
		80FF76A0232FB5F8006FF2AE /* LaunchScreen.storyboard */ = {
			isa = PBXVariantGroup;
			children = (
				80FF76A1232FB5F8006FF2AE /* Base */,
			);
			name = LaunchScreen.storyboard;
			sourceTree = "<group>";
		};
/* End PBXVariantGroup section */

/* Begin XCBuildConfiguration section */
		808ADF8C2334B8EC001AF97A /* Debug */ = {
			isa = XCBuildConfiguration;
			buildSettings = {
				BUNDLE_LOADER = "$(TEST_HOST)";
				CODE_SIGN_STYLE = Automatic;
				DEVELOPMENT_TEAM = WX7EXQ2XD6;
				INFOPLIST_FILE = PerfomanceTests/Info.plist;
				IPHONEOS_DEPLOYMENT_TARGET = 13.0;
				LD_RUNPATH_SEARCH_PATHS = (
					"$(inherited)",
					"@executable_path/Frameworks",
					"@loader_path/Frameworks",
				);
				PRODUCT_BUNDLE_IDENTIFIER = AMProgrammer.PerfomanceTests;
				PRODUCT_NAME = "$(TARGET_NAME)";
				SWIFT_VERSION = 5.0;
				TARGETED_DEVICE_FAMILY = "1,2";
				TEST_HOST = "$(BUILT_PRODUCTS_DIR)/HeapStackPerfomance.app/HeapStackPerfomance";
			};
			name = Debug;
		};
		808ADF8D2334B8EC001AF97A /* Release */ = {
			isa = XCBuildConfiguration;
			buildSettings = {
				BUNDLE_LOADER = "$(TEST_HOST)";
				CODE_SIGN_STYLE = Automatic;
				DEVELOPMENT_TEAM = WX7EXQ2XD6;
				INFOPLIST_FILE = PerfomanceTests/Info.plist;
				IPHONEOS_DEPLOYMENT_TARGET = 13.0;
				LD_RUNPATH_SEARCH_PATHS = (
					"$(inherited)",
					"@executable_path/Frameworks",
					"@loader_path/Frameworks",
				);
				PRODUCT_BUNDLE_IDENTIFIER = AMProgrammer.PerfomanceTests;
				PRODUCT_NAME = "$(TARGET_NAME)";
				SWIFT_VERSION = 5.0;
				TARGETED_DEVICE_FAMILY = "1,2";
				TEST_HOST = "$(BUILT_PRODUCTS_DIR)/HeapStackPerfomance.app/HeapStackPerfomance";
			};
			name = Release;
		};
		80FF76A4232FB5F8006FF2AE /* Debug */ = {
			isa = XCBuildConfiguration;
			buildSettings = {
				ALWAYS_SEARCH_USER_PATHS = NO;
				CLANG_ANALYZER_NONNULL = YES;
				CLANG_ANALYZER_NUMBER_OBJECT_CONVERSION = YES_AGGRESSIVE;
				CLANG_CXX_LANGUAGE_STANDARD = "gnu++14";
				CLANG_CXX_LIBRARY = "libc++";
				CLANG_ENABLE_MODULES = YES;
				CLANG_ENABLE_OBJC_ARC = YES;
				CLANG_ENABLE_OBJC_WEAK = YES;
				CLANG_WARN_BLOCK_CAPTURE_AUTORELEASING = YES;
				CLANG_WARN_BOOL_CONVERSION = YES;
				CLANG_WARN_COMMA = YES;
				CLANG_WARN_CONSTANT_CONVERSION = YES;
				CLANG_WARN_DEPRECATED_OBJC_IMPLEMENTATIONS = YES;
				CLANG_WARN_DIRECT_OBJC_ISA_USAGE = YES_ERROR;
				CLANG_WARN_DOCUMENTATION_COMMENTS = YES;
				CLANG_WARN_EMPTY_BODY = YES;
				CLANG_WARN_ENUM_CONVERSION = YES;
				CLANG_WARN_INFINITE_RECURSION = YES;
				CLANG_WARN_INT_CONVERSION = YES;
				CLANG_WARN_NON_LITERAL_NULL_CONVERSION = YES;
				CLANG_WARN_OBJC_IMPLICIT_RETAIN_SELF = YES;
				CLANG_WARN_OBJC_LITERAL_CONVERSION = YES;
				CLANG_WARN_OBJC_ROOT_CLASS = YES_ERROR;
				CLANG_WARN_RANGE_LOOP_ANALYSIS = YES;
				CLANG_WARN_STRICT_PROTOTYPES = YES;
				CLANG_WARN_SUSPICIOUS_MOVE = YES;
				CLANG_WARN_UNGUARDED_AVAILABILITY = YES_AGGRESSIVE;
				CLANG_WARN_UNREACHABLE_CODE = YES;
				CLANG_WARN__DUPLICATE_METHOD_MATCH = YES;
				CODE_SIGN_IDENTITY = "iPhone Developer";
				COPY_PHASE_STRIP = NO;
				DEBUG_INFORMATION_FORMAT = dwarf;
				ENABLE_STRICT_OBJC_MSGSEND = YES;
				ENABLE_TESTABILITY = YES;
				GCC_C_LANGUAGE_STANDARD = gnu11;
				GCC_DYNAMIC_NO_PIC = NO;
				GCC_NO_COMMON_BLOCKS = YES;
				GCC_OPTIMIZATION_LEVEL = 0;
				GCC_PREPROCESSOR_DEFINITIONS = (
					"DEBUG=1",
					"$(inherited)",
				);
				GCC_WARN_64_TO_32_BIT_CONVERSION = YES;
				GCC_WARN_ABOUT_RETURN_TYPE = YES_ERROR;
				GCC_WARN_UNDECLARED_SELECTOR = YES;
				GCC_WARN_UNINITIALIZED_AUTOS = YES_AGGRESSIVE;
				GCC_WARN_UNUSED_FUNCTION = YES;
				GCC_WARN_UNUSED_VARIABLE = YES;
				IPHONEOS_DEPLOYMENT_TARGET = 12.4;
				MTL_ENABLE_DEBUG_INFO = INCLUDE_SOURCE;
				MTL_FAST_MATH = YES;
				ONLY_ACTIVE_ARCH = YES;
				SDKROOT = iphoneos;
				SWIFT_ACTIVE_COMPILATION_CONDITIONS = DEBUG;
				SWIFT_OPTIMIZATION_LEVEL = "-Onone";
			};
			name = Debug;
		};
		80FF76A5232FB5F8006FF2AE /* Release */ = {
			isa = XCBuildConfiguration;
			buildSettings = {
				ALWAYS_SEARCH_USER_PATHS = NO;
				CLANG_ANALYZER_NONNULL = YES;
				CLANG_ANALYZER_NUMBER_OBJECT_CONVERSION = YES_AGGRESSIVE;
				CLANG_CXX_LANGUAGE_STANDARD = "gnu++14";
				CLANG_CXX_LIBRARY = "libc++";
				CLANG_ENABLE_MODULES = YES;
				CLANG_ENABLE_OBJC_ARC = YES;
				CLANG_ENABLE_OBJC_WEAK = YES;
				CLANG_WARN_BLOCK_CAPTURE_AUTORELEASING = YES;
				CLANG_WARN_BOOL_CONVERSION = YES;
				CLANG_WARN_COMMA = YES;
				CLANG_WARN_CONSTANT_CONVERSION = YES;
				CLANG_WARN_DEPRECATED_OBJC_IMPLEMENTATIONS = YES;
				CLANG_WARN_DIRECT_OBJC_ISA_USAGE = YES_ERROR;
				CLANG_WARN_DOCUMENTATION_COMMENTS = YES;
				CLANG_WARN_EMPTY_BODY = YES;
				CLANG_WARN_ENUM_CONVERSION = YES;
				CLANG_WARN_INFINITE_RECURSION = YES;
				CLANG_WARN_INT_CONVERSION = YES;
				CLANG_WARN_NON_LITERAL_NULL_CONVERSION = YES;
				CLANG_WARN_OBJC_IMPLICIT_RETAIN_SELF = YES;
				CLANG_WARN_OBJC_LITERAL_CONVERSION = YES;
				CLANG_WARN_OBJC_ROOT_CLASS = YES_ERROR;
				CLANG_WARN_RANGE_LOOP_ANALYSIS = YES;
				CLANG_WARN_STRICT_PROTOTYPES = YES;
				CLANG_WARN_SUSPICIOUS_MOVE = YES;
				CLANG_WARN_UNGUARDED_AVAILABILITY = YES_AGGRESSIVE;
				CLANG_WARN_UNREACHABLE_CODE = YES;
				CLANG_WARN__DUPLICATE_METHOD_MATCH = YES;
				CODE_SIGN_IDENTITY = "iPhone Developer";
				COPY_PHASE_STRIP = NO;
				DEBUG_INFORMATION_FORMAT = "dwarf-with-dsym";
				ENABLE_NS_ASSERTIONS = NO;
				ENABLE_STRICT_OBJC_MSGSEND = YES;
				GCC_C_LANGUAGE_STANDARD = gnu11;
				GCC_NO_COMMON_BLOCKS = YES;
				GCC_WARN_64_TO_32_BIT_CONVERSION = YES;
				GCC_WARN_ABOUT_RETURN_TYPE = YES_ERROR;
				GCC_WARN_UNDECLARED_SELECTOR = YES;
				GCC_WARN_UNINITIALIZED_AUTOS = YES_AGGRESSIVE;
				GCC_WARN_UNUSED_FUNCTION = YES;
				GCC_WARN_UNUSED_VARIABLE = YES;
				IPHONEOS_DEPLOYMENT_TARGET = 12.4;
				MTL_ENABLE_DEBUG_INFO = NO;
				MTL_FAST_MATH = YES;
				SDKROOT = iphoneos;
				SWIFT_COMPILATION_MODE = wholemodule;
				SWIFT_OPTIMIZATION_LEVEL = "-O";
				VALIDATE_PRODUCT = YES;
			};
			name = Release;
		};
		80FF76A7232FB5F8006FF2AE /* Debug */ = {
			isa = XCBuildConfiguration;
			buildSettings = {
				ASSETCATALOG_COMPILER_APPICON_NAME = AppIcon;
				CODE_SIGN_STYLE = Automatic;
				DEVELOPMENT_TEAM = WX7EXQ2XD6;
				GCC_OPTIMIZATION_LEVEL = fast;
				INFOPLIST_FILE = HeapStackPerfomance/Info.plist;
				LD_RUNPATH_SEARCH_PATHS = (
					"$(inherited)",
					"@executable_path/Frameworks",
				);
				PRODUCT_BUNDLE_IDENTIFIER = AMProgrammer.HeapStackPerfomance;
				PRODUCT_NAME = "$(TARGET_NAME)";
				SWIFT_VERSION = 5.0;
				TARGETED_DEVICE_FAMILY = "1,2";
			};
			name = Debug;
		};
		80FF76A8232FB5F8006FF2AE /* Release */ = {
			isa = XCBuildConfiguration;
			buildSettings = {
				ASSETCATALOG_COMPILER_APPICON_NAME = AppIcon;
				CODE_SIGN_STYLE = Automatic;
				DEVELOPMENT_TEAM = WX7EXQ2XD6;
				INFOPLIST_FILE = HeapStackPerfomance/Info.plist;
				LD_RUNPATH_SEARCH_PATHS = (
					"$(inherited)",
					"@executable_path/Frameworks",
				);
				PRODUCT_BUNDLE_IDENTIFIER = AMProgrammer.HeapStackPerfomance;
				PRODUCT_NAME = "$(TARGET_NAME)";
				SWIFT_VERSION = 5.0;
				TARGETED_DEVICE_FAMILY = "1,2";
			};
			name = Release;
		};
/* End XCBuildConfiguration section */

/* Begin XCConfigurationList section */
		808ADF8E2334B8EC001AF97A /* Build configuration list for PBXNativeTarget "PerfomanceTests" */ = {
			isa = XCConfigurationList;
			buildConfigurations = (
				808ADF8C2334B8EC001AF97A /* Debug */,
				808ADF8D2334B8EC001AF97A /* Release */,
			);
			defaultConfigurationIsVisible = 0;
			defaultConfigurationName = Release;
		};
		80FF768F232FB5F7006FF2AE /* Build configuration list for PBXProject "HeapStackPerfomance" */ = {
			isa = XCConfigurationList;
			buildConfigurations = (
				80FF76A4232FB5F8006FF2AE /* Debug */,
				80FF76A5232FB5F8006FF2AE /* Release */,
			);
			defaultConfigurationIsVisible = 0;
			defaultConfigurationName = Release;
		};
		80FF76A6232FB5F8006FF2AE /* Build configuration list for PBXNativeTarget "HeapStackPerfomance" */ = {
			isa = XCConfigurationList;
			buildConfigurations = (
				80FF76A7232FB5F8006FF2AE /* Debug */,
				80FF76A8232FB5F8006FF2AE /* Release */,
			);
			defaultConfigurationIsVisible = 0;
			defaultConfigurationName = Release;
		};
/* End XCConfigurationList section */
	};
	rootObject = 80FF768C232FB5F7006FF2AE /* Project object */;
}
